
Microsoft Visual Studio Solution File, Format Version 12.00
Project("{FAE04EC0-301F-11D3-BF4B-00C04F79EFBC}") = "MineLW", "MineLW\MineLW.csproj", "{8007382A-B14A-4C0F-A1CF-95B6ACD2BCF2}"
EndProject
Project("{FAE04EC0-301F-11D3-BF4B-00C04F79EFBC}") = "MineLW API", "MineLW API\MineLW API.csproj", "{359B762E-DA18-4F56-9AD0-E304DF39E6A8}"
EndProject
Project("{FAE04EC0-301F-11D3-BF4B-00C04F79EFBC}") = "Serialization", "Serialization\Serialization.csproj", "{BF13DC72-157B-4BE5-A95C-19EF55029496}"
EndProject
Project("{FAE04EC0-301F-11D3-BF4B-00C04F79EFBC}") = "Debugging", "Debugging\Debugging.csproj", "{DFF08DAA-9D68-46F8-AE91-8462BF7B3DC5}"
EndProject
Project("{FAE04EC0-301F-11D3-BF4B-00C04F79EFBC}") = "Networking", "Networking\Networking.csproj", "{BEBC1940-97E8-4B73-87D3-568A805FDB53}"
EndProject
Global
	GlobalSection(SolutionConfigurationPlatforms) = preSolution
		Debug|Any CPU = Debug|Any CPU
		Release|Any CPU = Release|Any CPU
	EndGlobalSection
	GlobalSection(ProjectConfigurationPlatforms) = postSolution
		{8007382A-B14A-4C0F-A1CF-95B6ACD2BCF2}.Debug|Any CPU.ActiveCfg = Debug|Any CPU
		{8007382A-B14A-4C0F-A1CF-95B6ACD2BCF2}.Debug|Any CPU.Build.0 = Debug|Any CPU
		{8007382A-B14A-4C0F-A1CF-95B6ACD2BCF2}.Release|Any CPU.ActiveCfg = Release|Any CPU
		{8007382A-B14A-4C0F-A1CF-95B6ACD2BCF2}.Release|Any CPU.Build.0 = Release|Any CPU
		{359B762E-DA18-4F56-9AD0-E304DF39E6A8}.Debug|Any CPU.ActiveCfg = Debug|Any CPU
		{359B762E-DA18-4F56-9AD0-E304DF39E6A8}.Debug|Any CPU.Build.0 = Debug|Any CPU
		{359B762E-DA18-4F56-9AD0-E304DF39E6A8}.Release|Any CPU.ActiveCfg = Release|Any CPU
		{359B762E-DA18-4F56-9AD0-E304DF39E6A8}.Release|Any CPU.Build.0 = Release|Any CPU
		{BF13DC72-157B-4BE5-A95C-19EF55029496}.Debug|Any CPU.ActiveCfg = Debug|Any CPU
		{BF13DC72-157B-4BE5-A95C-19EF55029496}.Debug|Any CPU.Build.0 = Debug|Any CPU
		{BF13DC72-157B-4BE5-A95C-19EF55029496}.Release|Any CPU.ActiveCfg = Release|Any CPU
		{BF13DC72-157B-4BE5-A95C-19EF55029496}.Release|Any CPU.Build.0 = Release|Any CPU
		{DFF08DAA-9D68-46F8-AE91-8462BF7B3DC5}.Debug|Any CPU.ActiveCfg = Debug|Any CPU
		{DFF08DAA-9D68-46F8-AE91-8462BF7B3DC5}.Debug|Any CPU.Build.0 = Debug|Any CPU
		{DFF08DAA-9D68-46F8-AE91-8462BF7B3DC5}.Release|Any CPU.ActiveCfg = Release|Any CPU
		{DFF08DAA-9D68-46F8-AE91-8462BF7B3DC5}.Release|Any CPU.Build.0 = Release|Any CPU
		{BEBC1940-97E8-4B73-87D3-568A805FDB53}.Debug|Any CPU.ActiveCfg = Debug|Any CPU
		{BEBC1940-97E8-4B73-87D3-568A805FDB53}.Debug|Any CPU.Build.0 = Debug|Any CPU
		{BEBC1940-97E8-4B73-87D3-568A805FDB53}.Release|Any CPU.ActiveCfg = Release|Any CPU
		{BEBC1940-97E8-4B73-87D3-568A805FDB53}.Release|Any CPU.Build.0 = Release|Any CPU
	EndGlobalSection
EndGlobal
