
Microsoft Visual Studio Solution File, Format Version 12.00
Project("{FAE04EC0-301F-11D3-BF4B-00C04F79EFBC}") = "MineLW", "MineLW\MineLW.csproj", "{8007382A-B14A-4C0F-A1CF-95B6ACD2BCF2}"
EndProject
Project("{FAE04EC0-301F-11D3-BF4B-00C04F79EFBC}") = "MineLW.API", "MineLW.API\MineLW.API.csproj", "{359B762E-DA18-4F56-9AD0-E304DF39E6A8}"
EndProject
Project("{FAE04EC0-301F-11D3-BF4B-00C04F79EFBC}") = "MineLW.Serialization", "MineLW.Serialization\MineLW.Serialization.csproj", "{BF13DC72-157B-4BE5-A95C-19EF55029496}"
EndProject
Project("{FAE04EC0-301F-11D3-BF4B-00C04F79EFBC}") = "MineLW.Networking", "MineLW.Networking\MineLW.Networking.csproj", "{BEBC1940-97E8-4B73-87D3-568A805FDB53}"
EndProject
Project("{FAE04EC0-301F-11D3-BF4B-00C04F79EFBC}") = "MineLW.Adapters", "MineLW.Adapters\MineLW.Adapters.csproj", "{A27C8CC4-7F6D-478E-9DD0-9BB1C0C8F5DF}"
EndProject
Project("{FAE04EC0-301F-11D3-BF4B-00C04F79EFBC}") = "MineLW.Adapters.MC498", "MineLW.Adapters.MC498\MineLW.Adapters.MC498.csproj", "{1488484D-54B4-460C-8C7D-0C531C03BEF2}"
EndProject
Project("{FAE04EC0-301F-11D3-BF4B-00C04F79EFBC}") = "MineLW.Protocols", "MineLW.Protocols\MineLW.Protocols.csproj", "{15F5488E-51C7-494D-935D-4D36A63DCD96}"
EndProject
Global
	GlobalSection(SolutionConfigurationPlatforms) = preSolution
		Debug|Any CPU = Debug|Any CPU
		Release|Any CPU = Release|Any CPU
	EndGlobalSection
	GlobalSection(ProjectConfigurationPlatforms) = postSolution
		{8007382A-B14A-4C0F-A1CF-95B6ACD2BCF2}.Debug|Any CPU.ActiveCfg = Debug|Any CPU
		{8007382A-B14A-4C0F-A1CF-95B6ACD2BCF2}.Debug|Any CPU.Build.0 = Debug|Any CPU
		{8007382A-B14A-4C0F-A1CF-95B6ACD2BCF2}.Release|Any CPU.ActiveCfg = Release|Any CPU
		{8007382A-B14A-4C0F-A1CF-95B6ACD2BCF2}.Release|Any CPU.Build.0 = Release|Any CPU
		{359B762E-DA18-4F56-9AD0-E304DF39E6A8}.Debug|Any CPU.ActiveCfg = Debug|Any CPU
		{359B762E-DA18-4F56-9AD0-E304DF39E6A8}.Debug|Any CPU.Build.0 = Debug|Any CPU
		{359B762E-DA18-4F56-9AD0-E304DF39E6A8}.Release|Any CPU.ActiveCfg = Release|Any CPU
		{359B762E-DA18-4F56-9AD0-E304DF39E6A8}.Release|Any CPU.Build.0 = Release|Any CPU
		{BF13DC72-157B-4BE5-A95C-19EF55029496}.Debug|Any CPU.ActiveCfg = Debug|Any CPU
		{BF13DC72-157B-4BE5-A95C-19EF55029496}.Debug|Any CPU.Build.0 = Debug|Any CPU
		{BF13DC72-157B-4BE5-A95C-19EF55029496}.Release|Any CPU.ActiveCfg = Release|Any CPU
		{BF13DC72-157B-4BE5-A95C-19EF55029496}.Release|Any CPU.Build.0 = Release|Any CPU
		{BEBC1940-97E8-4B73-87D3-568A805FDB53}.Debug|Any CPU.ActiveCfg = Debug|Any CPU
		{BEBC1940-97E8-4B73-87D3-568A805FDB53}.Debug|Any CPU.Build.0 = Debug|Any CPU
		{BEBC1940-97E8-4B73-87D3-568A805FDB53}.Release|Any CPU.ActiveCfg = Release|Any CPU
		{BEBC1940-97E8-4B73-87D3-568A805FDB53}.Release|Any CPU.Build.0 = Release|Any CPU
		{A27C8CC4-7F6D-478E-9DD0-9BB1C0C8F5DF}.Debug|Any CPU.ActiveCfg = Debug|Any CPU
		{A27C8CC4-7F6D-478E-9DD0-9BB1C0C8F5DF}.Debug|Any CPU.Build.0 = Debug|Any CPU
		{A27C8CC4-7F6D-478E-9DD0-9BB1C0C8F5DF}.Release|Any CPU.ActiveCfg = Release|Any CPU
		{A27C8CC4-7F6D-478E-9DD0-9BB1C0C8F5DF}.Release|Any CPU.Build.0 = Release|Any CPU
		{1488484D-54B4-460C-8C7D-0C531C03BEF2}.Debug|Any CPU.ActiveCfg = Debug|Any CPU
		{1488484D-54B4-460C-8C7D-0C531C03BEF2}.Debug|Any CPU.Build.0 = Debug|Any CPU
		{1488484D-54B4-460C-8C7D-0C531C03BEF2}.Release|Any CPU.ActiveCfg = Release|Any CPU
		{1488484D-54B4-460C-8C7D-0C531C03BEF2}.Release|Any CPU.Build.0 = Release|Any CPU
		{15F5488E-51C7-494D-935D-4D36A63DCD96}.Debug|Any CPU.ActiveCfg = Debug|Any CPU
		{15F5488E-51C7-494D-935D-4D36A63DCD96}.Debug|Any CPU.Build.0 = Debug|Any CPU
		{15F5488E-51C7-494D-935D-4D36A63DCD96}.Release|Any CPU.ActiveCfg = Release|Any CPU
		{15F5488E-51C7-494D-935D-4D36A63DCD96}.Release|Any CPU.Build.0 = Release|Any CPU
	EndGlobalSection
EndGlobal
